
Microsoft Visual Studio Solution File, Format Version 12.00
# Visual Studio 2015
Project("{FAE04EC0-301F-11D3-BF4B-00C04F79EFBC}") = "StarConTroll", "StarConTroll.csproj", "{C8CABAD4-6AF5-DF7D-B3A9-A137FB7CC735}"
EndProject
Project("{FAE04EC0-301F-11D3-BF4B-00C04F79EFBC}") = "StarConTroll.Editor", "StarConTroll.Editor.csproj", "{F74FB89A-0D9A-47F8-EFC4-30694195589E}"
EndProject
Global
	GlobalSection(SolutionConfigurationPlatforms) = preSolution
		Debug|Any CPU = Debug|Any CPU
		Release|Any CPU = Release|Any CPU
	EndGlobalSection
	GlobalSection(ProjectConfigurationPlatforms) = postSolution
		{C8CABAD4-6AF5-DF7D-B3A9-A137FB7CC735}.Debug|Any CPU.ActiveCfg = Debug|Any CPU
		{C8CABAD4-6AF5-DF7D-B3A9-A137FB7CC735}.Debug|Any CPU.Build.0 = Debug|Any CPU
		{C8CABAD4-6AF5-DF7D-B3A9-A137FB7CC735}.Release|Any CPU.ActiveCfg = Release|Any CPU
		{C8CABAD4-6AF5-DF7D-B3A9-A137FB7CC735}.Release|Any CPU.Build.0 = Release|Any CPU
		{F74FB89A-0D9A-47F8-EFC4-30694195589E}.Debug|Any CPU.ActiveCfg = Debug|Any CPU
		{F74FB89A-0D9A-47F8-EFC4-30694195589E}.Debug|Any CPU.Build.0 = Debug|Any CPU
		{F74FB89A-0D9A-47F8-EFC4-30694195589E}.Release|Any CPU.ActiveCfg = Release|Any CPU
		{F74FB89A-0D9A-47F8-EFC4-30694195589E}.Release|Any CPU.Build.0 = Release|Any CPU
	EndGlobalSection
	GlobalSection(SolutionProperties) = preSolution
		HideSolutionNode = FALSE
	EndGlobalSection
EndGlobal
